// !$*UTF8*$!
{
	archiveVersion = 1;
	classes = {
	};
	objectVersion = 46;
	objects = {

/* Begin PBXBuildFile section */
		7E43A8171981A48E00C22D22 /* main.m in Sources */ = {isa = PBXBuildFile; fileRef = 7E43A8161981A48E00C22D22 /* main.m */; };
		7E43A81C1981A48E00C22D22 /* Images.xcassets in Resources */ = {isa = PBXBuildFile; fileRef = 7E43A81B1981A48E00C22D22 /* Images.xcassets */; };
		7E43A82B1981A48E00C22D22 /* SimulateTests.m in Sources */ = {isa = PBXBuildFile; fileRef = 7E43A82A1981A48E00C22D22 /* SimulateTests.m */; };
		7E43A8531981A4E000C22D22 /* AppDelegate.m in Sources */ = {isa = PBXBuildFile; fileRef = 7E43A8351981A4E000C22D22 /* AppDelegate.m */; };
		7E43A8541981A4E000C22D22 /* applyO2.cl in Sources */ = {isa = PBXBuildFile; fileRef = 7E43A8361981A4E000C22D22 /* applyO2.cl */; };
		7E43A8551981A4E000C22D22 /* ApplyO2Kernel.m in Sources */ = {isa = PBXBuildFile; fileRef = 7E43A8381981A4E000C22D22 /* ApplyO2Kernel.m */; };
		7E43A8571981A4E000C22D22 /* integration.cl in Sources */ = {isa = PBXBuildFile; fileRef = 7E43A83A1981A4E000C22D22 /* integration.cl */; };
		7E43A8581981A4E000C22D22 /* IntegrationKernel.m in Sources */ = {isa = PBXBuildFile; fileRef = 7E43A83C1981A4E000C22D22 /* IntegrationKernel.m */; };
		7E43A8591981A4E000C22D22 /* Kernel.m in Sources */ = {isa = PBXBuildFile; fileRef = 7E43A83E1981A4E000C22D22 /* Kernel.m */; };
		7E43A85A1981A4E000C22D22 /* MainMenu.xib in Resources */ = {isa = PBXBuildFile; fileRef = 7E43A83F1981A4E000C22D22 /* MainMenu.xib */; };
		7E43A85B1981A4E000C22D22 /* make_image.cl in Sources */ = {isa = PBXBuildFile; fileRef = 7E43A8401981A4E000C22D22 /* make_image.cl */; };
		7E43A85C1981A4E000C22D22 /* move.cl in Sources */ = {isa = PBXBuildFile; fileRef = 7E43A8411981A4E000C22D22 /* move.cl */; };
		7E43A85D1981A4E000C22D22 /* MoveKernel.m in Sources */ = {isa = PBXBuildFile; fileRef = 7E43A8431981A4E000C22D22 /* MoveKernel.m */; };
		7E43A85E1981A4E000C22D22 /* OpenCLQueue.m in Sources */ = {isa = PBXBuildFile; fileRef = 7E43A8451981A4E000C22D22 /* OpenCLQueue.m */; };
		7E43A8601981A4E000C22D22 /* ProliferatingSystem.m in Sources */ = {isa = PBXBuildFile; fileRef = 7E43A8491981A4E000C22D22 /* ProliferatingSystem.m */; };
		7E43A8611981A4E000C22D22 /* proliferation.cl in Sources */ = {isa = PBXBuildFile; fileRef = 7E43A84A1981A4E000C22D22 /* proliferation.cl */; };
		7E43A8621981A4E000C22D22 /* ProliferationKernel.m in Sources */ = {isa = PBXBuildFile; fileRef = 7E43A84C1981A4E000C22D22 /* ProliferationKernel.m */; };
		7E43A8631981A4E000C22D22 /* SharedFloat4Data.m in Sources */ = {isa = PBXBuildFile; fileRef = 7E43A84E1981A4E000C22D22 /* SharedFloat4Data.m */; };
		7E43A8641981A4E000C22D22 /* SharedIntData.m in Sources */ = {isa = PBXBuildFile; fileRef = 7E43A8501981A4E000C22D22 /* SharedIntData.m */; };
		7E43A8681981A4F700C22D22 /* OpenGL.framework in Frameworks */ = {isa = PBXBuildFile; fileRef = 7E43A8671981A4F700C22D22 /* OpenGL.framework */; };
		7E43A86A1981A4FA00C22D22 /* OpenCL.framework in Frameworks */ = {isa = PBXBuildFile; fileRef = 7E43A8691981A4FA00C22D22 /* OpenCL.framework */; };
		7E9EB35419ACE31800B14101 /* ChunkedProliferatingSystem.m in Sources */ = {isa = PBXBuildFile; fileRef = 7E9EB35319ACE31800B14101 /* ChunkedProliferatingSystem.m */; };
		7E9EF3021988CD0000B14DF2 /* GLKit.framework in Frameworks */ = {isa = PBXBuildFile; fileRef = 7E9EF3011988CD0000B14DF2 /* GLKit.framework */; };
		7E9EF30519894F2200B14DF2 /* SimulationView.m in Sources */ = {isa = PBXBuildFile; fileRef = 7E9EF30419894F2200B14DF2 /* SimulationView.m */; };
/* End PBXBuildFile section */

/* Begin PBXContainerItemProxy section */
		7E43A8251981A48E00C22D22 /* PBXContainerItemProxy */ = {
			isa = PBXContainerItemProxy;
			containerPortal = 7E43A8091981A48E00C22D22 /* Project object */;
			proxyType = 1;
			remoteGlobalIDString = 7E43A8101981A48E00C22D22;
			remoteInfo = Simulate;
		};
/* End PBXContainerItemProxy section */

/* Begin PBXFileReference section */
		7E43A8111981A48E00C22D22 /* Simulate.app */ = {isa = PBXFileReference; explicitFileType = wrapper.application; includeInIndex = 0; path = Simulate.app; sourceTree = BUILT_PRODUCTS_DIR; };
		7E43A8151981A48E00C22D22 /* Info.plist */ = {isa = PBXFileReference; lastKnownFileType = text.plist.xml; path = Info.plist; sourceTree = "<group>"; };
		7E43A8161981A48E00C22D22 /* main.m */ = {isa = PBXFileReference; lastKnownFileType = sourcecode.c.objc; path = main.m; sourceTree = "<group>"; };
		7E43A81B1981A48E00C22D22 /* Images.xcassets */ = {isa = PBXFileReference; lastKnownFileType = folder.assetcatalog; path = Images.xcassets; sourceTree = "<group>"; };
		7E43A8241981A48E00C22D22 /* SimulateTests.xctest */ = {isa = PBXFileReference; explicitFileType = wrapper.cfbundle; includeInIndex = 0; path = SimulateTests.xctest; sourceTree = BUILT_PRODUCTS_DIR; };
		7E43A8291981A48E00C22D22 /* Info.plist */ = {isa = PBXFileReference; lastKnownFileType = text.plist.xml; path = Info.plist; sourceTree = "<group>"; };
		7E43A82A1981A48E00C22D22 /* SimulateTests.m */ = {isa = PBXFileReference; lastKnownFileType = sourcecode.c.objc; path = SimulateTests.m; sourceTree = "<group>"; };
		7E43A8341981A4E000C22D22 /* AppDelegate.h */ = {isa = PBXFileReference; fileEncoding = 4; lastKnownFileType = sourcecode.c.h; path = AppDelegate.h; sourceTree = "<group>"; };
		7E43A8351981A4E000C22D22 /* AppDelegate.m */ = {isa = PBXFileReference; fileEncoding = 4; lastKnownFileType = sourcecode.c.objc; path = AppDelegate.m; sourceTree = "<group>"; };
		7E43A8361981A4E000C22D22 /* applyO2.cl */ = {isa = PBXFileReference; fileEncoding = 4; lastKnownFileType = sourcecode.opencl; path = applyO2.cl; sourceTree = "<group>"; };
		7E43A8371981A4E000C22D22 /* ApplyO2Kernel.h */ = {isa = PBXFileReference; fileEncoding = 4; lastKnownFileType = sourcecode.c.h; path = ApplyO2Kernel.h; sourceTree = "<group>"; };
		7E43A8381981A4E000C22D22 /* ApplyO2Kernel.m */ = {isa = PBXFileReference; fileEncoding = 4; lastKnownFileType = sourcecode.c.objc; path = ApplyO2Kernel.m; sourceTree = "<group>"; };
		7E43A83A1981A4E000C22D22 /* integration.cl */ = {isa = PBXFileReference; fileEncoding = 4; lastKnownFileType = sourcecode.opencl; path = integration.cl; sourceTree = "<group>"; };
		7E43A83B1981A4E000C22D22 /* IntegrationKernel.h */ = {isa = PBXFileReference; fileEncoding = 4; lastKnownFileType = sourcecode.c.h; path = IntegrationKernel.h; sourceTree = "<group>"; };
		7E43A83C1981A4E000C22D22 /* IntegrationKernel.m */ = {isa = PBXFileReference; fileEncoding = 4; lastKnownFileType = sourcecode.c.objc; path = IntegrationKernel.m; sourceTree = "<group>"; };
		7E43A83D1981A4E000C22D22 /* Kernel.h */ = {isa = PBXFileReference; fileEncoding = 4; lastKnownFileType = sourcecode.c.h; path = Kernel.h; sourceTree = "<group>"; };
		7E43A83E1981A4E000C22D22 /* Kernel.m */ = {isa = PBXFileReference; fileEncoding = 4; lastKnownFileType = sourcecode.c.objc; path = Kernel.m; sourceTree = "<group>"; };
		7E43A83F1981A4E000C22D22 /* MainMenu.xib */ = {isa = PBXFileReference; fileEncoding = 4; lastKnownFileType = file.xib; path = MainMenu.xib; sourceTree = "<group>"; };
		7E43A8401981A4E000C22D22 /* make_image.cl */ = {isa = PBXFileReference; fileEncoding = 4; lastKnownFileType = sourcecode.opencl; path = make_image.cl; sourceTree = "<group>"; };
		7E43A8411981A4E000C22D22 /* move.cl */ = {isa = PBXFileReference; fileEncoding = 4; lastKnownFileType = sourcecode.opencl; path = move.cl; sourceTree = "<group>"; };
		7E43A8421981A4E000C22D22 /* MoveKernel.h */ = {isa = PBXFileReference; fileEncoding = 4; lastKnownFileType = sourcecode.c.h; path = MoveKernel.h; sourceTree = "<group>"; };
		7E43A8431981A4E000C22D22 /* MoveKernel.m */ = {isa = PBXFileReference; fileEncoding = 4; lastKnownFileType = sourcecode.c.objc; path = MoveKernel.m; sourceTree = "<group>"; };
		7E43A8441981A4E000C22D22 /* OpenCLQueue.h */ = {isa = PBXFileReference; fileEncoding = 4; lastKnownFileType = sourcecode.c.h; path = OpenCLQueue.h; sourceTree = "<group>"; };
		7E43A8451981A4E000C22D22 /* OpenCLQueue.m */ = {isa = PBXFileReference; fileEncoding = 4; lastKnownFileType = sourcecode.c.objc; path = OpenCLQueue.m; sourceTree = "<group>"; };
		7E43A8481981A4E000C22D22 /* ProliferatingSystem.h */ = {isa = PBXFileReference; fileEncoding = 4; lastKnownFileType = sourcecode.c.h; path = ProliferatingSystem.h; sourceTree = "<group>"; };
		7E43A8491981A4E000C22D22 /* ProliferatingSystem.m */ = {isa = PBXFileReference; fileEncoding = 4; lastKnownFileType = sourcecode.c.objc; path = ProliferatingSystem.m; sourceTree = "<group>"; };
		7E43A84A1981A4E000C22D22 /* proliferation.cl */ = {isa = PBXFileReference; fileEncoding = 4; lastKnownFileType = sourcecode.opencl; path = proliferation.cl; sourceTree = "<group>"; };
		7E43A84B1981A4E000C22D22 /* ProliferationKernel.h */ = {isa = PBXFileReference; fileEncoding = 4; lastKnownFileType = sourcecode.c.h; path = ProliferationKernel.h; sourceTree = "<group>"; };
		7E43A84C1981A4E000C22D22 /* ProliferationKernel.m */ = {isa = PBXFileReference; fileEncoding = 4; lastKnownFileType = sourcecode.c.objc; path = ProliferationKernel.m; sourceTree = "<group>"; };
		7E43A84D1981A4E000C22D22 /* SharedFloat4Data.h */ = {isa = PBXFileReference; fileEncoding = 4; lastKnownFileType = sourcecode.c.h; path = SharedFloat4Data.h; sourceTree = "<group>"; };
		7E43A84E1981A4E000C22D22 /* SharedFloat4Data.m */ = {isa = PBXFileReference; fileEncoding = 4; lastKnownFileType = sourcecode.c.objc; path = SharedFloat4Data.m; sourceTree = "<group>"; };
		7E43A84F1981A4E000C22D22 /* SharedIntData.h */ = {isa = PBXFileReference; fileEncoding = 4; lastKnownFileType = sourcecode.c.h; path = SharedIntData.h; sourceTree = "<group>"; };
		7E43A8501981A4E000C22D22 /* SharedIntData.m */ = {isa = PBXFileReference; fileEncoding = 4; lastKnownFileType = sourcecode.c.objc; path = SharedIntData.m; sourceTree = "<group>"; };
		7E43A8671981A4F700C22D22 /* OpenGL.framework */ = {isa = PBXFileReference; lastKnownFileType = wrapper.framework; name = OpenGL.framework; path = System/Library/Frameworks/OpenGL.framework; sourceTree = SDKROOT; };
		7E43A8691981A4FA00C22D22 /* OpenCL.framework */ = {isa = PBXFileReference; lastKnownFileType = wrapper.framework; name = OpenCL.framework; path = System/Library/Frameworks/OpenCL.framework; sourceTree = SDKROOT; };
		7E9EB35219ACE31800B14101 /* ChunkedProliferatingSystem.h */ = {isa = PBXFileReference; fileEncoding = 4; lastKnownFileType = sourcecode.c.h; path = ChunkedProliferatingSystem.h; sourceTree = "<group>"; };
		7E9EB35319ACE31800B14101 /* ChunkedProliferatingSystem.m */ = {isa = PBXFileReference; fileEncoding = 4; lastKnownFileType = sourcecode.c.objc; path = ChunkedProliferatingSystem.m; sourceTree = "<group>"; };
		7E9EB35819ACEDBB00B14101 /* ChunkedKernel.h */ = {isa = PBXFileReference; fileEncoding = 4; lastKnownFileType = sourcecode.c.h; path = ChunkedKernel.h; sourceTree = "<group>"; };
		7E9EF3011988CD0000B14DF2 /* GLKit.framework */ = {isa = PBXFileReference; lastKnownFileType = wrapper.framework; name = GLKit.framework; path = System/Library/Frameworks/GLKit.framework; sourceTree = SDKROOT; };
		7E9EF30319894F2200B14DF2 /* SimulationView.h */ = {isa = PBXFileReference; fileEncoding = 4; lastKnownFileType = sourcecode.c.h; path = SimulationView.h; sourceTree = "<group>"; };
		7E9EF30419894F2200B14DF2 /* SimulationView.m */ = {isa = PBXFileReference; fileEncoding = 4; lastKnownFileType = sourcecode.c.objc; path = SimulationView.m; sourceTree = "<group>"; };
/* End PBXFileReference section */

/* Begin PBXFrameworksBuildPhase section */
		7E43A80E1981A48E00C22D22 /* Frameworks */ = {
			isa = PBXFrameworksBuildPhase;
			buildActionMask = 2147483647;
			files = (
				7E9EF3021988CD0000B14DF2 /* GLKit.framework in Frameworks */,
				7E43A86A1981A4FA00C22D22 /* OpenCL.framework in Frameworks */,
				7E43A8681981A4F700C22D22 /* OpenGL.framework in Frameworks */,
			);
			runOnlyForDeploymentPostprocessing = 0;
		};
		7E43A8211981A48E00C22D22 /* Frameworks */ = {
			isa = PBXFrameworksBuildPhase;
			buildActionMask = 2147483647;
			files = (
			);
			runOnlyForDeploymentPostprocessing = 0;
		};
/* End PBXFrameworksBuildPhase section */

/* Begin PBXGroup section */
		7E43A8081981A48E00C22D22 = {
			isa = PBXGroup;
			children = (
				7E9EF3011988CD0000B14DF2 /* GLKit.framework */,
				7E43A8691981A4FA00C22D22 /* OpenCL.framework */,
				7E43A8671981A4F700C22D22 /* OpenGL.framework */,
				7E43A8131981A48E00C22D22 /* Simulate */,
				7E43A8271981A48E00C22D22 /* SimulateTests */,
				7E43A8121981A48E00C22D22 /* Products */,
			);
			sourceTree = "<group>";
		};
		7E43A8121981A48E00C22D22 /* Products */ = {
			isa = PBXGroup;
			children = (
				7E43A8111981A48E00C22D22 /* Simulate.app */,
				7E43A8241981A48E00C22D22 /* SimulateTests.xctest */,
			);
			name = Products;
			sourceTree = "<group>";
		};
		7E43A8131981A48E00C22D22 /* Simulate */ = {
			isa = PBXGroup;
			children = (
				7E9EB35119ACE2FF00B14101 /* ChunkedCL */,
				7EE492B31981A5A800C881A7 /* Cocoa */,
				7EE492B41981A66900C881A7 /* CL */,
				7E43A81B1981A48E00C22D22 /* Images.xcassets */,
				7E43A8141981A48E00C22D22 /* Supporting Files */,
			);
			path = Simulate;
			sourceTree = "<group>";
		};
		7E43A8141981A48E00C22D22 /* Supporting Files */ = {
			isa = PBXGroup;
			children = (
				7E43A8151981A48E00C22D22 /* Info.plist */,
				7E43A8161981A48E00C22D22 /* main.m */,
			);
			name = "Supporting Files";
			sourceTree = "<group>";
		};
		7E43A8271981A48E00C22D22 /* SimulateTests */ = {
			isa = PBXGroup;
			children = (
				7E43A82A1981A48E00C22D22 /* SimulateTests.m */,
				7E43A8281981A48E00C22D22 /* Supporting Files */,
			);
			path = SimulateTests;
			sourceTree = "<group>";
		};
		7E43A8281981A48E00C22D22 /* Supporting Files */ = {
			isa = PBXGroup;
			children = (
				7E43A8291981A48E00C22D22 /* Info.plist */,
			);
			name = "Supporting Files";
			sourceTree = "<group>";
		};
		7E9EB35119ACE2FF00B14101 /* ChunkedCL */ = {
			isa = PBXGroup;
			children = (
				7E9EB35219ACE31800B14101 /* ChunkedProliferatingSystem.h */,
				7E9EB35319ACE31800B14101 /* ChunkedProliferatingSystem.m */,
				7E9EB35819ACEDBB00B14101 /* ChunkedKernel.h */,
			);
			name = ChunkedCL;
			sourceTree = "<group>";
		};
		7EE492B31981A5A800C881A7 /* Cocoa */ = {
			isa = PBXGroup;
			children = (
				7E43A8341981A4E000C22D22 /* AppDelegate.h */,
				7E43A8351981A4E000C22D22 /* AppDelegate.m */,
				7E43A83F1981A4E000C22D22 /* MainMenu.xib */,
				7E9EF30319894F2200B14DF2 /* SimulationView.h */,
				7E9EF30419894F2200B14DF2 /* SimulationView.m */,
			);
			name = Cocoa;
			sourceTree = "<group>";
		};
		7EE492B41981A66900C881A7 /* CL */ = {
			isa = PBXGroup;
			children = (
				7E43A8361981A4E000C22D22 /* applyO2.cl */,
				7E43A83A1981A4E000C22D22 /* integration.cl */,
				7E43A84A1981A4E000C22D22 /* proliferation.cl */,
				7E43A8411981A4E000C22D22 /* move.cl */,
				7E43A8401981A4E000C22D22 /* make_image.cl */,
				7E43A8371981A4E000C22D22 /* ApplyO2Kernel.h */,
				7E43A8381981A4E000C22D22 /* ApplyO2Kernel.m */,
				7E43A83B1981A4E000C22D22 /* IntegrationKernel.h */,
				7E43A83C1981A4E000C22D22 /* IntegrationKernel.m */,
				7E43A83D1981A4E000C22D22 /* Kernel.h */,
				7E43A83E1981A4E000C22D22 /* Kernel.m */,
				7E43A8421981A4E000C22D22 /* MoveKernel.h */,
				7E43A8431981A4E000C22D22 /* MoveKernel.m */,
				7E43A8441981A4E000C22D22 /* OpenCLQueue.h */,
				7E43A8451981A4E000C22D22 /* OpenCLQueue.m */,
				7E43A8481981A4E000C22D22 /* ProliferatingSystem.h */,
				7E43A8491981A4E000C22D22 /* ProliferatingSystem.m */,
				7E43A84B1981A4E000C22D22 /* ProliferationKernel.h */,
				7E43A84C1981A4E000C22D22 /* ProliferationKernel.m */,
				7E43A84D1981A4E000C22D22 /* SharedFloat4Data.h */,
				7E43A84E1981A4E000C22D22 /* SharedFloat4Data.m */,
				7E43A84F1981A4E000C22D22 /* SharedIntData.h */,
				7E43A8501981A4E000C22D22 /* SharedIntData.m */,
			);
			name = CL;
			sourceTree = "<group>";
		};
/* End PBXGroup section */

/* Begin PBXNativeTarget section */
		7E43A8101981A48E00C22D22 /* Simulate */ = {
			isa = PBXNativeTarget;
			buildConfigurationList = 7E43A82E1981A48E00C22D22 /* Build configuration list for PBXNativeTarget "Simulate" */;
			buildPhases = (
				7E43A80D1981A48E00C22D22 /* Sources */,
				7E43A80E1981A48E00C22D22 /* Frameworks */,
				7E43A80F1981A48E00C22D22 /* Resources */,
			);
			buildRules = (
			);
			dependencies = (
			);
			name = Simulate;
			productName = Simulate;
			productReference = 7E43A8111981A48E00C22D22 /* Simulate.app */;
			productType = "com.apple.product-type.application";
		};
		7E43A8231981A48E00C22D22 /* SimulateTests */ = {
			isa = PBXNativeTarget;
			buildConfigurationList = 7E43A8311981A48E00C22D22 /* Build configuration list for PBXNativeTarget "SimulateTests" */;
			buildPhases = (
				7E43A8201981A48E00C22D22 /* Sources */,
				7E43A8211981A48E00C22D22 /* Frameworks */,
				7E43A8221981A48E00C22D22 /* Resources */,
			);
			buildRules = (
			);
			dependencies = (
				7E43A8261981A48E00C22D22 /* PBXTargetDependency */,
			);
			name = SimulateTests;
			productName = SimulateTests;
			productReference = 7E43A8241981A48E00C22D22 /* SimulateTests.xctest */;
			productType = "com.apple.product-type.bundle.unit-test";
		};
/* End PBXNativeTarget section */

/* Begin PBXProject section */
		7E43A8091981A48E00C22D22 /* Project object */ = {
			isa = PBXProject;
			attributes = {
				LastUpgradeCheck = 0600;
				TargetAttributes = {
					7E43A8101981A48E00C22D22 = {
						CreatedOnToolsVersion = 6.0;
					};
					7E43A8231981A48E00C22D22 = {
						CreatedOnToolsVersion = 6.0;
						TestTargetID = 7E43A8101981A48E00C22D22;
					};
				};
			};
			buildConfigurationList = 7E43A80C1981A48E00C22D22 /* Build configuration list for PBXProject "Simulate" */;
			compatibilityVersion = "Xcode 3.2";
			developmentRegion = English;
			hasScannedForEncodings = 0;
			knownRegions = (
				en,
				Base,
			);
			mainGroup = 7E43A8081981A48E00C22D22;
			productRefGroup = 7E43A8121981A48E00C22D22 /* Products */;
			projectDirPath = "";
			projectRoot = "";
			targets = (
				7E43A8101981A48E00C22D22 /* Simulate */,
				7E43A8231981A48E00C22D22 /* SimulateTests */,
			);
		};
/* End PBXProject section */

/* Begin PBXResourcesBuildPhase section */
		7E43A80F1981A48E00C22D22 /* Resources */ = {
			isa = PBXResourcesBuildPhase;
			buildActionMask = 2147483647;
			files = (
				7E43A81C1981A48E00C22D22 /* Images.xcassets in Resources */,
				7E43A85A1981A4E000C22D22 /* MainMenu.xib in Resources */,
			);
			runOnlyForDeploymentPostprocessing = 0;
		};
		7E43A8221981A48E00C22D22 /* Resources */ = {
			isa = PBXResourcesBuildPhase;
			buildActionMask = 2147483647;
			files = (
			);
			runOnlyForDeploymentPostprocessing = 0;
		};
/* End PBXResourcesBuildPhase section */

/* Begin PBXSourcesBuildPhase section */
		7E43A80D1981A48E00C22D22 /* Sources */ = {
			isa = PBXSourcesBuildPhase;
			buildActionMask = 2147483647;
			files = (
				7E43A8541981A4E000C22D22 /* applyO2.cl in Sources */,
				7E43A8641981A4E000C22D22 /* SharedIntData.m in Sources */,
				7E43A8621981A4E000C22D22 /* ProliferationKernel.m in Sources */,
				7E43A8571981A4E000C22D22 /* integration.cl in Sources */,
				7E43A85B1981A4E000C22D22 /* make_image.cl in Sources */,
				7E43A85C1981A4E000C22D22 /* move.cl in Sources */,
				7E43A8531981A4E000C22D22 /* AppDelegate.m in Sources */,
				7E43A85E1981A4E000C22D22 /* OpenCLQueue.m in Sources */,
				7E43A8551981A4E000C22D22 /* ApplyO2Kernel.m in Sources */,
				7E43A8631981A4E000C22D22 /* SharedFloat4Data.m in Sources */,
				7E43A8601981A4E000C22D22 /* ProliferatingSystem.m in Sources */,
				7E43A8611981A4E000C22D22 /* proliferation.cl in Sources */,
				7E43A8171981A48E00C22D22 /* main.m in Sources */,
				7E43A8591981A4E000C22D22 /* Kernel.m in Sources */,
				7E9EB35419ACE31800B14101 /* ChunkedProliferatingSystem.m in Sources */,
				7E43A8581981A4E000C22D22 /* IntegrationKernel.m in Sources */,
				7E9EF30519894F2200B14DF2 /* SimulationView.m in Sources */,
				7E43A85D1981A4E000C22D22 /* MoveKernel.m in Sources */,
			);
			runOnlyForDeploymentPostprocessing = 0;
		};
		7E43A8201981A48E00C22D22 /* Sources */ = {
			isa = PBXSourcesBuildPhase;
			buildActionMask = 2147483647;
			files = (
				7E43A82B1981A48E00C22D22 /* SimulateTests.m in Sources */,
			);
			runOnlyForDeploymentPostprocessing = 0;
		};
/* End PBXSourcesBuildPhase section */

/* Begin PBXTargetDependency section */
		7E43A8261981A48E00C22D22 /* PBXTargetDependency */ = {
			isa = PBXTargetDependency;
			target = 7E43A8101981A48E00C22D22 /* Simulate */;
			targetProxy = 7E43A8251981A48E00C22D22 /* PBXContainerItemProxy */;
		};
/* End PBXTargetDependency section */

/* Begin XCBuildConfiguration section */
		7E43A82C1981A48E00C22D22 /* Debug */ = {
			isa = XCBuildConfiguration;
			buildSettings = {
				ALWAYS_SEARCH_USER_PATHS = NO;
				CLANG_CXX_LANGUAGE_STANDARD = "gnu++0x";
				CLANG_CXX_LIBRARY = "libc++";
				CLANG_ENABLE_MODULES = YES;
				CLANG_ENABLE_OBJC_ARC = YES;
				CLANG_WARN_BOOL_CONVERSION = YES;
				CLANG_WARN_CONSTANT_CONVERSION = YES;
				CLANG_WARN_DIRECT_OBJC_ISA_USAGE = YES_ERROR;
				CLANG_WARN_EMPTY_BODY = YES;
				CLANG_WARN_ENUM_CONVERSION = YES;
				CLANG_WARN_INT_CONVERSION = YES;
				CLANG_WARN_OBJC_ROOT_CLASS = YES_ERROR;
				CLANG_WARN_UNREACHABLE_CODE = YES;
				CLANG_WARN__DUPLICATE_METHOD_MATCH = YES;
				CODE_SIGN_IDENTITY = "-";
				COPY_PHASE_STRIP = NO;
				ENABLE_STRICT_OBJC_MSGSEND = YES;
				GCC_C_LANGUAGE_STANDARD = gnu99;
				GCC_DYNAMIC_NO_PIC = NO;
				GCC_OPTIMIZATION_LEVEL = 0;
				GCC_PREPROCESSOR_DEFINITIONS = (
					"DEBUG=1",
					"$(inherited)",
				);
				GCC_SYMBOLS_PRIVATE_EXTERN = NO;
				GCC_WARN_64_TO_32_BIT_CONVERSION = YES;
				GCC_WARN_ABOUT_RETURN_TYPE = YES_ERROR;
				GCC_WARN_UNDECLARED_SELECTOR = YES;
				GCC_WARN_UNINITIALIZED_AUTOS = YES_AGGRESSIVE;
				GCC_WARN_UNUSED_FUNCTION = YES;
				GCC_WARN_UNUSED_VARIABLE = YES;
				MACOSX_DEPLOYMENT_TARGET = 10.9;
				MTL_ENABLE_DEBUG_INFO = YES;
				ONLY_ACTIVE_ARCH = YES;
				SDKROOT = macosx;
			};
			name = Debug;
		};
		7E43A82D1981A48E00C22D22 /* Release */ = {
			isa = XCBuildConfiguration;
			buildSettings = {
				ALWAYS_SEARCH_USER_PATHS = NO;
				CLANG_CXX_LANGUAGE_STANDARD = "gnu++0x";
				CLANG_CXX_LIBRARY = "libc++";
				CLANG_ENABLE_MODULES = YES;
				CLANG_ENABLE_OBJC_ARC = YES;
				CLANG_WARN_BOOL_CONVERSION = YES;
				CLANG_WARN_CONSTANT_CONVERSION = YES;
				CLANG_WARN_DIRECT_OBJC_ISA_USAGE = YES_ERROR;
				CLANG_WARN_EMPTY_BODY = YES;
				CLANG_WARN_ENUM_CONVERSION = YES;
				CLANG_WARN_INT_CONVERSION = YES;
				CLANG_WARN_OBJC_ROOT_CLASS = YES_ERROR;
				CLANG_WARN_UNREACHABLE_CODE = YES;
				CLANG_WARN__DUPLICATE_METHOD_MATCH = YES;
				CODE_SIGN_IDENTITY = "-";
				COPY_PHASE_STRIP = YES;
				DEBUG_INFORMATION_FORMAT = "dwarf-with-dsym";
				ENABLE_NS_ASSERTIONS = NO;
				ENABLE_STRICT_OBJC_MSGSEND = YES;
				GCC_C_LANGUAGE_STANDARD = gnu99;
				GCC_WARN_64_TO_32_BIT_CONVERSION = YES;
				GCC_WARN_ABOUT_RETURN_TYPE = YES_ERROR;
				GCC_WARN_UNDECLARED_SELECTOR = YES;
				GCC_WARN_UNINITIALIZED_AUTOS = YES_AGGRESSIVE;
				GCC_WARN_UNUSED_FUNCTION = YES;
				GCC_WARN_UNUSED_VARIABLE = YES;
				MACOSX_DEPLOYMENT_TARGET = 10.9;
				MTL_ENABLE_DEBUG_INFO = NO;
				SDKROOT = macosx;
			};
			name = Release;
		};
		7E43A82F1981A48E00C22D22 /* Debug */ = {
			isa = XCBuildConfiguration;
			buildSettings = {
				ASSETCATALOG_COMPILER_APPICON_NAME = AppIcon;
				COMBINE_HIDPI_IMAGES = YES;
				INFOPLIST_FILE = Simulate/Info.plist;
				LD_RUNPATH_SEARCH_PATHS = "$(inherited) @executable_path/../Frameworks";
				PRODUCT_NAME = "$(TARGET_NAME)";
			};
			name = Debug;
		};
		7E43A8301981A48E00C22D22 /* Release */ = {
			isa = XCBuildConfiguration;
			buildSettings = {
				ASSETCATALOG_COMPILER_APPICON_NAME = AppIcon;
				COMBINE_HIDPI_IMAGES = YES;
				INFOPLIST_FILE = Simulate/Info.plist;
				LD_RUNPATH_SEARCH_PATHS = "$(inherited) @executable_path/../Frameworks";
				PRODUCT_NAME = "$(TARGET_NAME)";
			};
			name = Release;
		};
		7E43A8321981A48E00C22D22 /* Debug */ = {
			isa = XCBuildConfiguration;
			buildSettings = {
				BUNDLE_LOADER = "$(BUILT_PRODUCTS_DIR)/Simulate.app/Contents/MacOS/Simulate";
				COMBINE_HIDPI_IMAGES = YES;
				FRAMEWORK_SEARCH_PATHS = (
					"$(DEVELOPER_FRAMEWORKS_DIR)",
					"$(inherited)",
				);
				GCC_PREPROCESSOR_DEFINITIONS = (
					"DEBUG=1",
					"$(inherited)",
				);
				INFOPLIST_FILE = SimulateTests/Info.plist;
				LD_RUNPATH_SEARCH_PATHS = "$(inherited) @executable_path/../Frameworks @loader_path/../Frameworks";
				PRODUCT_NAME = "$(TARGET_NAME)";
				TEST_HOST = "$(BUNDLE_LOADER)";
			};
			name = Debug;
		};
		7E43A8331981A48E00C22D22 /* Release */ = {
			isa = XCBuildConfiguration;
			buildSettings = {
				BUNDLE_LOADER = "$(BUILT_PRODUCTS_DIR)/Simulate.app/Contents/MacOS/Simulate";
				COMBINE_HIDPI_IMAGES = YES;
				FRAMEWORK_SEARCH_PATHS = (
					"$(DEVELOPER_FRAMEWORKS_DIR)",
					"$(inherited)",
				);
				INFOPLIST_FILE = SimulateTests/Info.plist;
				LD_RUNPATH_SEARCH_PATHS = "$(inherited) @executable_path/../Frameworks @loader_path/../Frameworks";
				PRODUCT_NAME = "$(TARGET_NAME)";
				TEST_HOST = "$(BUNDLE_LOADER)";
			};
			name = Release;
		};
/* End XCBuildConfiguration section */

/* Begin XCConfigurationList section */
		7E43A80C1981A48E00C22D22 /* Build configuration list for PBXProject "Simulate" */ = {
			isa = XCConfigurationList;
			buildConfigurations = (
				7E43A82C1981A48E00C22D22 /* Debug */,
				7E43A82D1981A48E00C22D22 /* Release */,
			);
			defaultConfigurationIsVisible = 0;
			defaultConfigurationName = Release;
		};
		7E43A82E1981A48E00C22D22 /* Build configuration list for PBXNativeTarget "Simulate" */ = {
			isa = XCConfigurationList;
			buildConfigurations = (
				7E43A82F1981A48E00C22D22 /* Debug */,
				7E43A8301981A48E00C22D22 /* Release */,
			);
			defaultConfigurationIsVisible = 0;
			defaultConfigurationName = Release;
		};
		7E43A8311981A48E00C22D22 /* Build configuration list for PBXNativeTarget "SimulateTests" */ = {
			isa = XCConfigurationList;
			buildConfigurations = (
				7E43A8321981A48E00C22D22 /* Debug */,
				7E43A8331981A48E00C22D22 /* Release */,
			);
			defaultConfigurationIsVisible = 0;
			defaultConfigurationName = Release;
		};
/* End XCConfigurationList section */
	};
	rootObject = 7E43A8091981A48E00C22D22 /* Project object */;
}
